
Microsoft Visual Studio Solution File, Format Version 12.00
# Visual Studio Version 17
VisualStudioVersion = 17.4.33103.184
MinimumVisualStudioVersion = 10.0.40219.1
Project("{9A19103F-16F7-4668-BE54-9A1E7A4F7556}") = "ConsoleApp3", "ConsoleApp3\ConsoleApp3.csproj", "{495B80E7-26CF-442A-BA71-85D39D376057}"
EndProject
Project("{9A19103F-16F7-4668-BE54-9A1E7A4F7556}") = "ConsoleApp1", "ConsoleApp1\ConsoleApp1.csproj", "{B7B48EB5-12FE-45DF-95C3-4EC36956CE31}"
EndProject
Project("{9A19103F-16F7-4668-BE54-9A1E7A4F7556}") = "ConsoleApp2", "ConsoleApp2\ConsoleApp2.csproj", "{045CCFA9-F0C4-4484-91E6-EA82274EBDD7}"
EndProject
Project("{9A19103F-16F7-4668-BE54-9A1E7A4F7556}") = "Listy", "Listy\Listy.csproj", "{41828768-B318-4DDA-AF67-93848E612B36}"
EndProject
Project("{9A19103F-16F7-4668-BE54-9A1E7A4F7556}") = "Refs", "Refs\Refs.csproj", "{C1581889-9F63-46FE-A588-102C549838E8}"
EndProject
Project("{9A19103F-16F7-4668-BE54-9A1E7A4F7556}") = "Polif", "Polif\Polif.csproj", "{605F5195-94CC-4B54-AC26-38C48401F5FE}"
EndProject
Project("{9A19103F-16F7-4668-BE54-9A1E7A4F7556}") = "Gen", "Gen\Gen.csproj", "{27586F91-FFDC-408A-A1D9-426FCB39ADD3}"
EndProject
Project("{9A19103F-16F7-4668-BE54-9A1E7A4F7556}") = "Async", "Async\Async.csproj", "{59AFB918-F680-4078-8417-AD9CD6407A27}"
EndProject
Project("{9A19103F-16F7-4668-BE54-9A1E7A4F7556}") = "Tree", "Tree\Tree.csproj", "{815BDF96-E6B7-44BD-AD86-D3417257403C}"
EndProject
Project("{9A19103F-16F7-4668-BE54-9A1E7A4F7556}") = "TestProject1", "TestProject1\TestProject1.csproj", "{1C716E61-CFC2-4FB7-BA9F-C94EEBD3A0EE}"
EndProject
Project("{FAE04EC0-301F-11D3-BF4B-00C04F79EFBC}") = "obj_class", "obj_class\obj_class.csproj", "{5801972A-8294-4EFE-90FA-BEA79DCC7EF5}"
EndProject
Project("{2150E333-8FDC-42A3-9474-1A3956D46DE8}") = "Database", "Database", "{18B3A056-58F5-4B21-B462-FC937C892732}"
EndProject
Project("{FAE04EC0-301F-11D3-BF4B-00C04F79EFBC}") = "Database", "Database\Database.csproj", "{B1CF33D8-65D1-444A-8490-35F63F46F92F}"
EndProject
Project("{FAE04EC0-301F-11D3-BF4B-00C04F79EFBC}") = "ConsoleApp", "ConsoleApp\ConsoleApp.csproj", "{24A20033-29B3-4B5D-8810-6D8FF31804F2}"
EndProject
Global
	GlobalSection(SolutionConfigurationPlatforms) = preSolution
		Debug|Any CPU = Debug|Any CPU
		Release|Any CPU = Release|Any CPU
	EndGlobalSection
	GlobalSection(ProjectConfigurationPlatforms) = postSolution
		{495B80E7-26CF-442A-BA71-85D39D376057}.Debug|Any CPU.ActiveCfg = Debug|Any CPU
		{495B80E7-26CF-442A-BA71-85D39D376057}.Debug|Any CPU.Build.0 = Debug|Any CPU
		{495B80E7-26CF-442A-BA71-85D39D376057}.Release|Any CPU.ActiveCfg = Release|Any CPU
		{495B80E7-26CF-442A-BA71-85D39D376057}.Release|Any CPU.Build.0 = Release|Any CPU
		{B7B48EB5-12FE-45DF-95C3-4EC36956CE31}.Debug|Any CPU.ActiveCfg = Debug|Any CPU
		{B7B48EB5-12FE-45DF-95C3-4EC36956CE31}.Debug|Any CPU.Build.0 = Debug|Any CPU
		{B7B48EB5-12FE-45DF-95C3-4EC36956CE31}.Release|Any CPU.ActiveCfg = Release|Any CPU
		{B7B48EB5-12FE-45DF-95C3-4EC36956CE31}.Release|Any CPU.Build.0 = Release|Any CPU
		{045CCFA9-F0C4-4484-91E6-EA82274EBDD7}.Debug|Any CPU.ActiveCfg = Debug|Any CPU
		{045CCFA9-F0C4-4484-91E6-EA82274EBDD7}.Debug|Any CPU.Build.0 = Debug|Any CPU
		{045CCFA9-F0C4-4484-91E6-EA82274EBDD7}.Release|Any CPU.ActiveCfg = Release|Any CPU
		{045CCFA9-F0C4-4484-91E6-EA82274EBDD7}.Release|Any CPU.Build.0 = Release|Any CPU
		{41828768-B318-4DDA-AF67-93848E612B36}.Debug|Any CPU.ActiveCfg = Debug|Any CPU
		{41828768-B318-4DDA-AF67-93848E612B36}.Debug|Any CPU.Build.0 = Debug|Any CPU
		{41828768-B318-4DDA-AF67-93848E612B36}.Release|Any CPU.ActiveCfg = Release|Any CPU
		{41828768-B318-4DDA-AF67-93848E612B36}.Release|Any CPU.Build.0 = Release|Any CPU
		{C1581889-9F63-46FE-A588-102C549838E8}.Debug|Any CPU.ActiveCfg = Debug|Any CPU
		{C1581889-9F63-46FE-A588-102C549838E8}.Debug|Any CPU.Build.0 = Debug|Any CPU
		{C1581889-9F63-46FE-A588-102C549838E8}.Release|Any CPU.ActiveCfg = Release|Any CPU
		{C1581889-9F63-46FE-A588-102C549838E8}.Release|Any CPU.Build.0 = Release|Any CPU
		{605F5195-94CC-4B54-AC26-38C48401F5FE}.Debug|Any CPU.ActiveCfg = Debug|Any CPU
		{605F5195-94CC-4B54-AC26-38C48401F5FE}.Debug|Any CPU.Build.0 = Debug|Any CPU
		{605F5195-94CC-4B54-AC26-38C48401F5FE}.Release|Any CPU.ActiveCfg = Release|Any CPU
		{605F5195-94CC-4B54-AC26-38C48401F5FE}.Release|Any CPU.Build.0 = Release|Any CPU
		{27586F91-FFDC-408A-A1D9-426FCB39ADD3}.Debug|Any CPU.ActiveCfg = Debug|Any CPU
		{27586F91-FFDC-408A-A1D9-426FCB39ADD3}.Debug|Any CPU.Build.0 = Debug|Any CPU
		{27586F91-FFDC-408A-A1D9-426FCB39ADD3}.Release|Any CPU.ActiveCfg = Release|Any CPU
		{27586F91-FFDC-408A-A1D9-426FCB39ADD3}.Release|Any CPU.Build.0 = Release|Any CPU
		{59AFB918-F680-4078-8417-AD9CD6407A27}.Debug|Any CPU.ActiveCfg = Debug|Any CPU
		{59AFB918-F680-4078-8417-AD9CD6407A27}.Debug|Any CPU.Build.0 = Debug|Any CPU
		{59AFB918-F680-4078-8417-AD9CD6407A27}.Release|Any CPU.ActiveCfg = Release|Any CPU
		{59AFB918-F680-4078-8417-AD9CD6407A27}.Release|Any CPU.Build.0 = Release|Any CPU
		{815BDF96-E6B7-44BD-AD86-D3417257403C}.Debug|Any CPU.ActiveCfg = Debug|Any CPU
		{815BDF96-E6B7-44BD-AD86-D3417257403C}.Debug|Any CPU.Build.0 = Debug|Any CPU
		{815BDF96-E6B7-44BD-AD86-D3417257403C}.Release|Any CPU.ActiveCfg = Release|Any CPU
		{815BDF96-E6B7-44BD-AD86-D3417257403C}.Release|Any CPU.Build.0 = Release|Any CPU
		{1C716E61-CFC2-4FB7-BA9F-C94EEBD3A0EE}.Debug|Any CPU.ActiveCfg = Debug|Any CPU
		{1C716E61-CFC2-4FB7-BA9F-C94EEBD3A0EE}.Debug|Any CPU.Build.0 = Debug|Any CPU
		{1C716E61-CFC2-4FB7-BA9F-C94EEBD3A0EE}.Release|Any CPU.ActiveCfg = Release|Any CPU
		{1C716E61-CFC2-4FB7-BA9F-C94EEBD3A0EE}.Release|Any CPU.Build.0 = Release|Any CPU
		{5801972A-8294-4EFE-90FA-BEA79DCC7EF5}.Debug|Any CPU.ActiveCfg = Debug|Any CPU
		{5801972A-8294-4EFE-90FA-BEA79DCC7EF5}.Debug|Any CPU.Build.0 = Debug|Any CPU
		{5801972A-8294-4EFE-90FA-BEA79DCC7EF5}.Release|Any CPU.ActiveCfg = Release|Any CPU
		{5801972A-8294-4EFE-90FA-BEA79DCC7EF5}.Release|Any CPU.Build.0 = Release|Any CPU
		{B1CF33D8-65D1-444A-8490-35F63F46F92F}.Debug|Any CPU.ActiveCfg = Debug|Any CPU
		{B1CF33D8-65D1-444A-8490-35F63F46F92F}.Debug|Any CPU.Build.0 = Debug|Any CPU
		{B1CF33D8-65D1-444A-8490-35F63F46F92F}.Release|Any CPU.ActiveCfg = Release|Any CPU
		{B1CF33D8-65D1-444A-8490-35F63F46F92F}.Release|Any CPU.Build.0 = Release|Any CPU
		{24A20033-29B3-4B5D-8810-6D8FF31804F2}.Debug|Any CPU.ActiveCfg = Debug|Any CPU
		{24A20033-29B3-4B5D-8810-6D8FF31804F2}.Debug|Any CPU.Build.0 = Debug|Any CPU
		{24A20033-29B3-4B5D-8810-6D8FF31804F2}.Release|Any CPU.ActiveCfg = Release|Any CPU
		{24A20033-29B3-4B5D-8810-6D8FF31804F2}.Release|Any CPU.Build.0 = Release|Any CPU
	EndGlobalSection
	GlobalSection(SolutionProperties) = preSolution
		HideSolutionNode = FALSE
	EndGlobalSection
	GlobalSection(NestedProjects) = preSolution
		{B1CF33D8-65D1-444A-8490-35F63F46F92F} = {18B3A056-58F5-4B21-B462-FC937C892732}
		{24A20033-29B3-4B5D-8810-6D8FF31804F2} = {18B3A056-58F5-4B21-B462-FC937C892732}
	EndGlobalSection
	GlobalSection(ExtensibilityGlobals) = postSolution
		SolutionGuid = {A9E53C69-1CB2-4A26-B5DD-D8034DB10172}
	EndGlobalSection
EndGlobal
